
Microsoft Visual Studio Solution File, Format Version 12.00
# Visual Studio Version 16
VisualStudioVersion = 16.0.30413.136
MinimumVisualStudioVersion = 10.0.40219.1
Project("{8BC9CEB8-8B4A-11D0-8D11-00A0C91BC942}") = "MarioNeuralEvolution", "MarioNeuralEvolution\MarioNeuralEvolution.vcxproj", "{FE1064BF-2271-4380-9844-F0917A4C4901}"
EndProject
Global
	GlobalSection(SolutionConfigurationPlatforms) = preSolution
		Debug|x64 = Debug|x64
		Debug|x86 = Debug|x86
		Release|x64 = Release|x64
		Release|x86 = Release|x86
	EndGlobalSection
	GlobalSection(ProjectConfigurationPlatforms) = postSolution
		{FE1064BF-2271-4380-9844-F0917A4C4901}.Debug|x64.ActiveCfg = Debug|x64
		{FE1064BF-2271-4380-9844-F0917A4C4901}.Debug|x64.Build.0 = Debug|x64
		{FE1064BF-2271-4380-9844-F0917A4C4901}.Debug|x86.ActiveCfg = Debug|Win32
		{FE1064BF-2271-4380-9844-F0917A4C4901}.Debug|x86.Build.0 = Debug|Win32
		{FE1064BF-2271-4380-9844-F0917A4C4901}.Release|x64.ActiveCfg = Release|x64
		{FE1064BF-2271-4380-9844-F0917A4C4901}.Release|x64.Build.0 = Release|x64
		{FE1064BF-2271-4380-9844-F0917A4C4901}.Release|x86.ActiveCfg = Release|Win32
		{FE1064BF-2271-4380-9844-F0917A4C4901}.Release|x86.Build.0 = Release|Win32
	EndGlobalSection
	GlobalSection(SolutionProperties) = preSolution
		HideSolutionNode = FALSE
	EndGlobalSection
	GlobalSection(ExtensibilityGlobals) = postSolution
		SolutionGuid = {2366A398-4CDB-4201-B9E8-746EC4FA14ED}
	EndGlobalSection
EndGlobal
